
Microsoft Visual Studio Solution File, Format Version 12.00
Project("{FAE04EC0-301F-11D3-BF4B-00C04F79EFBC}") = "pentago", "pentago\pentago.csproj", "{4E477E40-B622-453A-BD2F-42B74B2D6D7D}"
EndProject
Global
	GlobalSection(SolutionConfigurationPlatforms) = preSolution
		Debug|Any CPU = Debug|Any CPU
		Release|Any CPU = Release|Any CPU
	EndGlobalSection
	GlobalSection(ProjectConfigurationPlatforms) = postSolution
		{4E477E40-B622-453A-BD2F-42B74B2D6D7D}.Debug|Any CPU.ActiveCfg = Debug|Any CPU
		{4E477E40-B622-453A-BD2F-42B74B2D6D7D}.Debug|Any CPU.Build.0 = Debug|Any CPU
		{4E477E40-B622-453A-BD2F-42B74B2D6D7D}.Release|Any CPU.ActiveCfg = Release|Any CPU
		{4E477E40-B622-453A-BD2F-42B74B2D6D7D}.Release|Any CPU.Build.0 = Release|Any CPU
	EndGlobalSection
EndGlobal
